<Solution>
  <Configurations>
    <Platform Name="Any CPU" />
    <Platform Name="x86" />
  </Configurations>
  <Folder Name="/maintenance/">
    <Project Path="maintenance/readWinFormsResXImageListStreamer/readWinFormsResXImageListStreamer.csproj" Id="f6fe8596-f665-46e6-8c19-3af32bf3925d" />
  </Folder>
  <Project Path="blackjack_csharp_winforms/blackjack_csharp_winforms.csproj" />
  <Project Path="Blackjack_managed_cpp/Blackjack_managed_cpp.vcxproj" Id="3783fcdd-1917-4a64-9fad-e5c55329f72b">
    <Platform Project="Win32" />
  </Project>
</Solution>
